
Microsoft Visual Studio Solution File, Format Version 12.00
# Visual Studio Version 16
VisualStudioVersion = 16.0.28606.126
MinimumVisualStudioVersion = 10.0.40219.1
Project("{9A19103F-16F7-4668-BE54-9A1E7A4F7556}") = "EFCore.DecimalAttribute", "EFCore.DecimalAttribute\EFCore.DecimalAttribute.csproj", "{B5280DCF-9526-494A-A7B7-340B9E15674C}"
EndProject
Project("{2150E333-8FDC-42A3-9474-1A3956D46DE8}") = "README", "README", "{1938F86B-396F-419E-A0DF-06D40895EDF3}"
	ProjectSection(SolutionItems) = preProject
		LICENSE = LICENSE
		README.md = README.md
	EndProjectSection
EndProject
Project("{9A19103F-16F7-4668-BE54-9A1E7A4F7556}") = "EFCore.DecimalAttribute.Attribute", "EFCore.DecimalAttribute.Attribute\EFCore.DecimalAttribute.Attribute.csproj", "{9625348B-0A38-4ECD-AED5-8DEC38F61E31}"
EndProject
Project("{D954291E-2A0B-460D-934E-DC6B0785DB48}") = "EFCore.DecimalAttribute.Test", "EFCore.DecimalAttribute.Test\EFCore.DecimalAttribute.Test.shproj", "{F62F04FB-0CF8-4569-B5CD-BAC3299980AE}"
EndProject
Project("{9A19103F-16F7-4668-BE54-9A1E7A4F7556}") = "EFCore.DecimalAttribute.Test.EF30", "EFCore.DecimalAttribute.Test.EF30\EFCore.DecimalAttribute.Test.EF30.csproj", "{090CC4C7-3364-430A-B5E2-F0DD7BCC76C8}"
EndProject
Global
	GlobalSection(SharedMSBuildProjectFiles) = preSolution
		EFCore.DecimalAttribute.Test\EFCore.DecimalAttribute.Test.projitems*{f62f04fb-0cf8-4569-b5cd-bac3299980ae}*SharedItemsImports = 13
	EndGlobalSection
	GlobalSection(SolutionConfigurationPlatforms) = preSolution
		Debug|Any CPU = Debug|Any CPU
		Release|Any CPU = Release|Any CPU
	EndGlobalSection
	GlobalSection(ProjectConfigurationPlatforms) = postSolution
		{B5280DCF-9526-494A-A7B7-340B9E15674C}.Debug|Any CPU.ActiveCfg = Debug|Any CPU
		{B5280DCF-9526-494A-A7B7-340B9E15674C}.Debug|Any CPU.Build.0 = Debug|Any CPU
		{B5280DCF-9526-494A-A7B7-340B9E15674C}.Release|Any CPU.ActiveCfg = Release|Any CPU
		{B5280DCF-9526-494A-A7B7-340B9E15674C}.Release|Any CPU.Build.0 = Release|Any CPU
		{9625348B-0A38-4ECD-AED5-8DEC38F61E31}.Debug|Any CPU.ActiveCfg = Debug|Any CPU
		{9625348B-0A38-4ECD-AED5-8DEC38F61E31}.Debug|Any CPU.Build.0 = Debug|Any CPU
		{9625348B-0A38-4ECD-AED5-8DEC38F61E31}.Release|Any CPU.ActiveCfg = Release|Any CPU
		{9625348B-0A38-4ECD-AED5-8DEC38F61E31}.Release|Any CPU.Build.0 = Release|Any CPU
		{090CC4C7-3364-430A-B5E2-F0DD7BCC76C8}.Debug|Any CPU.ActiveCfg = Debug|Any CPU
		{090CC4C7-3364-430A-B5E2-F0DD7BCC76C8}.Debug|Any CPU.Build.0 = Debug|Any CPU
		{090CC4C7-3364-430A-B5E2-F0DD7BCC76C8}.Release|Any CPU.ActiveCfg = Release|Any CPU
		{090CC4C7-3364-430A-B5E2-F0DD7BCC76C8}.Release|Any CPU.Build.0 = Release|Any CPU
	EndGlobalSection
	GlobalSection(SolutionProperties) = preSolution
		HideSolutionNode = FALSE
	EndGlobalSection
	GlobalSection(ExtensibilityGlobals) = postSolution
		SolutionGuid = {E18DD44C-7663-4BD7-9922-7597E7A307DA}
	EndGlobalSection
EndGlobal
