
Microsoft Visual Studio Solution File, Format Version 12.00
# Visual Studio Version 17
VisualStudioVersion = 17.2.32317.152
MinimumVisualStudioVersion = 10.0.40219.1
Project("{9A19103F-16F7-4668-BE54-9A1E7A4F7556}") = "EFCore.DecimalAttribute", "EFCore.DecimalAttribute\EFCore.DecimalAttribute.csproj", "{B5280DCF-9526-494A-A7B7-340B9E15674C}"
EndProject
Project("{2150E333-8FDC-42A3-9474-1A3956D46DE8}") = "README", "README", "{1938F86B-396F-419E-A0DF-06D40895EDF3}"
	ProjectSection(SolutionItems) = preProject
		LICENSE = LICENSE
		README.md = README.md
	EndProjectSection
EndProject
Project("{9A19103F-16F7-4668-BE54-9A1E7A4F7556}") = "EFCore.DecimalAttribute.Attribute", "EFCore.DecimalAttribute.Attribute\EFCore.DecimalAttribute.Attribute.csproj", "{9625348B-0A38-4ECD-AED5-8DEC38F61E31}"
EndProject
Project("{2150E333-8FDC-42A3-9474-1A3956D46DE8}") = "Solution Items", "Solution Items", "{178EE77A-50A4-4617-9D27-F68F6801BF97}"
	ProjectSection(SolutionItems) = preProject
		.github\workflows\unit-tests.yml = .github\workflows\unit-tests.yml
	EndProjectSection
EndProject
Project("{9A19103F-16F7-4668-BE54-9A1E7A4F7556}") = "EFCore.DecimalAttribute.Test", "EFCore.DecimalAttribute.Test\EFCore.DecimalAttribute.Test.csproj", "{3765B551-C984-46A6-BE4B-83A6B28DF75F}"
EndProject
Global
	GlobalSection(SolutionConfigurationPlatforms) = preSolution
		Debug|Any CPU = Debug|Any CPU
		Release|Any CPU = Release|Any CPU
	EndGlobalSection
	GlobalSection(ProjectConfigurationPlatforms) = postSolution
		{B5280DCF-9526-494A-A7B7-340B9E15674C}.Debug|Any CPU.ActiveCfg = Debug|Any CPU
		{B5280DCF-9526-494A-A7B7-340B9E15674C}.Debug|Any CPU.Build.0 = Debug|Any CPU
		{B5280DCF-9526-494A-A7B7-340B9E15674C}.Release|Any CPU.ActiveCfg = Release|Any CPU
		{B5280DCF-9526-494A-A7B7-340B9E15674C}.Release|Any CPU.Build.0 = Release|Any CPU
		{9625348B-0A38-4ECD-AED5-8DEC38F61E31}.Debug|Any CPU.ActiveCfg = Debug|Any CPU
		{9625348B-0A38-4ECD-AED5-8DEC38F61E31}.Debug|Any CPU.Build.0 = Debug|Any CPU
		{9625348B-0A38-4ECD-AED5-8DEC38F61E31}.Release|Any CPU.ActiveCfg = Release|Any CPU
		{9625348B-0A38-4ECD-AED5-8DEC38F61E31}.Release|Any CPU.Build.0 = Release|Any CPU
		{3765B551-C984-46A6-BE4B-83A6B28DF75F}.Debug|Any CPU.ActiveCfg = Debug|Any CPU
		{3765B551-C984-46A6-BE4B-83A6B28DF75F}.Debug|Any CPU.Build.0 = Debug|Any CPU
		{3765B551-C984-46A6-BE4B-83A6B28DF75F}.Release|Any CPU.ActiveCfg = Release|Any CPU
		{3765B551-C984-46A6-BE4B-83A6B28DF75F}.Release|Any CPU.Build.0 = Release|Any CPU
	EndGlobalSection
	GlobalSection(SolutionProperties) = preSolution
		HideSolutionNode = FALSE
	EndGlobalSection
	GlobalSection(ExtensibilityGlobals) = postSolution
		SolutionGuid = {E18DD44C-7663-4BD7-9922-7597E7A307DA}
	EndGlobalSection
EndGlobal
